{
  "name": "claude-in-docker",
  "lockfileVersion": 3,
  "requires": true,
  "packages": {
    "": {
      "dependencies": {
        "@anthropic-ai/claude-code": "latest",
        "ccusage": "latest",
        "typescript": "latest"
      }
    },
    "node_modules/@anthropic-ai/claude-code": {
      "version": "2.1.233",
      "resolved": "https://registry.npmjs.org/@anthropic-ai/claude-code/-/claude-code-2.1.233.tgz",
      "integrity": "sha512-WS0ZSsNu2zkQonC+rW7HdByMCkPQ2l+hO1G0LdvWTj40kiYr0qAiSJjCBNRIbi0foBol4IFTCKwLHAN83qxxUQ==",
      "hasInstallScript": true,
      "license": "SEE LICENSE IN README.md",
      "bin": {
        "claude": "bin/claude.exe"
      },
      "engines": {
        "node": ">=22.0.0"
      },
      "optionalDependencies": {
        "@anthropic-ai/claude-code-darwin-arm64": "2.1.233",
        "@anthropic-ai/claude-code-darwin-x64": "2.1.233",
        "@anthropic-ai/claude-code-linux-arm64": "2.1.233",
        "@anthropic-ai/claude-code-linux-arm64-musl": "2.1.233",
        "@anthropic-ai/claude-code-linux-x64": "2.1.233",
        "@anthropic-ai/claude-code-linux-x64-musl": "2.1.233",
        "@anthropic-ai/claude-code-win32-arm64": "2.1.233",
        "@anthropic-ai/claude-code-win32-x64": "2.1.233"
      }
    },
    "node_modules/@anthropic-ai/claude-code-darwin-arm64": {
      "version": "2.1.233",
      "resolved": "https://registry.npmjs.org/@anthropic-ai/claude-code-darwin-arm64/-/claude-code-darwin-arm64-2.1.233.tgz",
      "integrity": "sha512-mB2FyJQ0a+FTWbBTSQ3ZTAmm6Qxr5fSU2jA8JpHQ7XslcoKzmDV+/zN8CdGkshwY3kRLx432kDiHcBoTQuc/Dg==",
      "cpu": [
        "arm64"
      ],
      "license": "SEE LICENSE IN LICENSE.md",
      "optional": true,
      "os": [
        "darwin"
      ]
    },
    "node_modules/@anthropic-ai/claude-code-darwin-x64": {
      "version": "2.1.233",
      "resolved": "https://registry.npmjs.org/@anthropic-ai/claude-code-darwin-x64/-/claude-code-darwin-x64-2.1.233.tgz",
      "integrity": "sha512-uS5jiOm+JNcoPGHHQ0Z5V/8eWYWjPdUHY5LOKPEVaFNR+bDkQcPcsnBZk9oHOiex15TnDsFsTpIWTNLRs2Bv1Q==",
      "cpu": [
        "x64"
      ],
      "license": "SEE LICENSE IN LICENSE.md",
      "optional": true,
      "os": [
        "darwin"
      ]
    },
    "node_modules/@anthropic-ai/claude-code-linux-arm64": {
      "version": "2.1.233",
      "resolved": "https://registry.npmjs.org/@anthropic-ai/claude-code-linux-arm64/-/claude-code-linux-arm64-2.1.233.tgz",
      "integrity": "sha512-G7Te22sph7qywNyfIcQq7Li7bbQp8zBHZV4mDBBP5ZXswkGDJSip8MSNU2OlHsoVgcLtTzNlm0U25wys/r0jag==",
      "cpu": [
        "arm64"
      ],
      "license": "SEE LICENSE IN LICENSE.md",
      "optional": true,
      "os": [
        "linux"
      ]
    },
    "node_modules/@anthropic-ai/claude-code-linux-arm64-musl": {
      "version": "2.1.233",
      "resolved": "https://registry.npmjs.org/@anthropic-ai/claude-code-linux-arm64-musl/-/claude-code-linux-arm64-musl-2.1.233.tgz",
      "integrity": "sha512-XmMTZ3U4hhAUMvOQ794tmkz0/Mga39ecBB7vf+CdSm4HirdzOaGAvW18l7tWhcPRXH3M7Tx1bDefhyRdlSEc5g==",
      "cpu": [
        "arm64"
      ],
      "license": "SEE LICENSE IN LICENSE.md",
      "optional": true,
      "os": [
        "linux"
      ]
    },
    "node_modules/@anthropic-ai/claude-code-linux-x64": {
      "version": "2.1.233",
      "resolved": "https://registry.npmjs.org/@anthropic-ai/claude-code-linux-x64/-/claude-code-linux-x64-2.1.233.tgz",
      "integrity": "sha512-ubMVvBBlsks5NE0EmucELB2h/XZ64L86JgmMBUWShLgDAkrrzCh1zIf5qX1+SPskXAnMfKBFTMNeaT6UruxRkQ==",
      "cpu": [
        "x64"
      ],
      "license": "SEE LICENSE IN LICENSE.md",
      "optional": true,
      "os": [
        "linux"
      ]
    },
    "node_modules/@anthropic-ai/claude-code-linux-x64-musl": {
      "version": "2.1.233",
      "resolved": "https://registry.npmjs.org/@anthropic-ai/claude-code-linux-x64-musl/-/claude-code-linux-x64-musl-2.1.233.tgz",
      "integrity": "sha512-KlgySdzFyoGmBLr6ReSBHclRwAzEuRLBmmYSHq2j9BLlXTy1kt0mhJoEffYkw1Hs5dasSK9sGEVgNt6wJ/PMmA==",
      "cpu": [
        "x64"
      ],
      "license": "SEE LICENSE IN LICENSE.md",
      "optional": true,
      "os": [
        "linux"
      ]
    },
    "node_modules/@anthropic-ai/claude-code-win32-arm64": {
      "version": "2.1.233",
      "resolved": "https://registry.npmjs.org/@anthropic-ai/claude-code-win32-arm64/-/claude-code-win32-arm64-2.1.233.tgz",
      "integrity": "sha512-bB6YrEv+PtQG9aPhPyAwhJZpPlBqFrqshcHPj+0S1gOkj6CwjtbnTDOMhywsd593XsiI5lWaWi4ZUo0FDZjzaA==",
      "cpu": [
        "arm64"
      ],
      "license": "SEE LICENSE IN LICENSE.md",
      "optional": true,
      "os": [
        "win32"
      ]
    },
    "node_modules/@anthropic-ai/claude-code-win32-x64": {
      "version": "2.1.233",
      "resolved": "https://registry.npmjs.org/@anthropic-ai/claude-code-win32-x64/-/claude-code-win32-x64-2.1.233.tgz",
      "integrity": "sha512-8tg7+eDee3JfjBdNgxhVYrYr9eweqprRxten1OW+hrSTvKV5YjZb0CheFqtaqilDLILLt8LRQ0n/YeweQeycyA==",
      "cpu": [
        "x64"
      ],
      "license": "SEE LICENSE IN LICENSE.md",
      "optional": true,
      "os": [
        "win32"
      ]
    },
    "node_modules/@ccusage/ccusage-darwin-arm64": {
      "version": "20.0.14",
      "resolved": "https://registry.npmjs.org/@ccusage/ccusage-darwin-arm64/-/ccusage-darwin-arm64-20.0.14.tgz",
      "integrity": "sha512-M8ZQzWmvLsI+eKbjQBJtw2YudUgFr4gAtXmNnb5nYam177vmajaxDWdItJr+I+Qx9QbxsKOxJslazT/WYkoFFQ==",
      "cpu": [
        "arm64"
      ],
      "license": "MIT",
      "optional": true,
      "os": [
        "darwin"
      ]
    },
    "node_modules/@ccusage/ccusage-darwin-x64": {
      "version": "20.0.14",
      "resolved": "https://registry.npmjs.org/@ccusage/ccusage-darwin-x64/-/ccusage-darwin-x64-20.0.14.tgz",
      "integrity": "sha512-NORKtEWsw8n3WGTdK3LGmEbygwrUFEDYAOeXWYT5rKAU84IMMYO9BVKALsr5KWX5FpfGGhTk/QdbzSFIaAqzKw==",
      "cpu": [
        "x64"
      ],
      "license": "MIT",
      "optional": true,
      "os": [
        "darwin"
      ]
    },
    "node_modules/@ccusage/ccusage-linux-arm64": {
      "version": "20.0.14",
      "resolved": "https://registry.npmjs.org/@ccusage/ccusage-linux-arm64/-/ccusage-linux-arm64-20.0.14.tgz",
      "integrity": "sha512-aShec3E1bFZTOl35B4KdX35kEzGZGkGO5eOnR03ih1mF88D9eEUFKWJ9pha1Liq8v/1gJvmHzgjuV7hLxrNDhw==",
      "cpu": [
        "arm64"
      ],
      "license": "MIT",
      "optional": true,
      "os": [
        "linux"
      ]
    },
    "node_modules/@ccusage/ccusage-linux-x64": {
      "version": "20.0.14",
      "resolved": "https://registry.npmjs.org/@ccusage/ccusage-linux-x64/-/ccusage-linux-x64-20.0.14.tgz",
      "integrity": "sha512-Q00no4oxct4/zQ4ob7t8uItsTSyrwFLti5NZ6kGhCxliN7LwMNqMVrTsUDy8Wsfiu1HEtyQQUclYRNAtLsn6Uw==",
      "cpu": [
        "x64"
      ],
      "license": "MIT",
      "optional": true,
      "os": [
        "linux"
      ]
    },
    "node_modules/@ccusage/ccusage-win32-arm64": {
      "version": "20.0.14",
      "resolved": "https://registry.npmjs.org/@ccusage/ccusage-win32-arm64/-/ccusage-win32-arm64-20.0.14.tgz",
      "integrity": "sha512-a7VPXWtzeQVo3qJl4Mprga8gBhWniQ0aPfw8FZWGRp9S7oDL18vgJOq2yF7c2NYYvTDW2prDaku6dawVNQGXeg==",
      "cpu": [
        "arm64"
      ],
      "license": "MIT",
      "optional": true,
      "os": [
        "win32"
      ]
    },
    "node_modules/@ccusage/ccusage-win32-x64": {
      "version": "20.0.14",
      "resolved": "https://registry.npmjs.org/@ccusage/ccusage-win32-x64/-/ccusage-win32-x64-20.0.14.tgz",
      "integrity": "sha512-DXo5DrINH/Zwih+N7ra7jSpIo70heuzC+6k3CuB4QIacJj908uSX12Zp4JdnUwmFk7yGEwQBfVs+SmuOc+VP0w==",
      "cpu": [
        "x64"
      ],
      "license": "MIT",
      "optional": true,
      "os": [
        "win32"
      ]
    },
    "node_modules/ccusage": {
      "version": "20.0.14",
      "resolved": "https://registry.npmjs.org/ccusage/-/ccusage-20.0.14.tgz",
      "integrity": "sha512-xAkGU9NZdhbxj11o6J9x/tqNXicLz29y9j3nTJEkPI76LW4i6IrsXXcD9ywqzbKRsq1NlJLEhnBRgaZAksS9WA==",
      "license": "MIT",
      "bin": {
        "ccusage": "src/cli.js"
      },
      "funding": {
        "url": "https://github.com/sponsors/ryoppippi"
      },
      "optionalDependencies": {
        "@ccusage/ccusage-darwin-arm64": "20.0.14",
        "@ccusage/ccusage-darwin-x64": "20.0.14",
        "@ccusage/ccusage-linux-arm64": "20.0.14",
        "@ccusage/ccusage-linux-x64": "20.0.14",
        "@ccusage/ccusage-win32-arm64": "20.0.14",
        "@ccusage/ccusage-win32-x64": "20.0.14"
      }
    },
    "node_modules/typescript": {
      "version": "6.0.3",
      "resolved": "https://registry.npmjs.org/typescript/-/typescript-6.0.3.tgz",
      "integrity": "sha512-y2TvuxSZPDyQakkFRPZHKFm+KKVqIisdg9/CZwm9ftvKXLP8NRWj38/ODjNbr43SsoXqNuAisEf1GdCxqWcdBw==",
      "license": "Apache-2.0",
      "bin": {
        "tsc": "bin/tsc",
        "tsserver": "bin/tsserver"
      },
      "engines": {
        "node": ">=14.17"
      }
    }
  }
}
